
Microsoft Visual Studio Solution File, Format Version 12.00
# Visual Studio Version 16
VisualStudioVersion = 16.0.30114.105
MinimumVisualStudioVersion = 10.0.40219.1
Project("{FAE04EC0-301F-11D3-BF4B-00C04F79EFBC}") = "LINQ_Join", "LINQ_Join\LINQ_Join.csproj", "{F885BB77-CA2F-4B59-8D6D-225722462A36}"
EndProject
Global
	GlobalSection(SolutionConfigurationPlatforms) = preSolution
		Debug|Any CPU = Debug|Any CPU
		Release|Any CPU = Release|Any CPU
	EndGlobalSection
	GlobalSection(ProjectConfigurationPlatforms) = postSolution
		{F885BB77-CA2F-4B59-8D6D-225722462A36}.Debug|Any CPU.ActiveCfg = Debug|Any CPU
		{F885BB77-CA2F-4B59-8D6D-225722462A36}.Debug|Any CPU.Build.0 = Debug|Any CPU
		{F885BB77-CA2F-4B59-8D6D-225722462A36}.Release|Any CPU.ActiveCfg = Release|Any CPU
		{F885BB77-CA2F-4B59-8D6D-225722462A36}.Release|Any CPU.Build.0 = Release|Any CPU
	EndGlobalSection
	GlobalSection(SolutionProperties) = preSolution
		HideSolutionNode = FALSE
	EndGlobalSection
	GlobalSection(ExtensibilityGlobals) = postSolution
		SolutionGuid = {2EDD500C-271E-413B-816C-0735DF560EC2}
	EndGlobalSection
EndGlobal
